
Microsoft Visual Studio Solution File, Format Version 12.00
# Visual Studio Version 17
VisualStudioVersion = 17.6.33815.320
MinimumVisualStudioVersion = 10.0.40219.1
Project("{FAE04EC0-301F-11D3-BF4B-00C04F79EFBC}") = "zadanie 2 cw 8", "zadanie 2 cw 8\zadanie 2 cw 8.csproj", "{155A9490-8E53-460B-9AA6-A97DE2148F28}"
EndProject
Global
	GlobalSection(SolutionConfigurationPlatforms) = preSolution
		Debug|Any CPU = Debug|Any CPU
		Release|Any CPU = Release|Any CPU
	EndGlobalSection
	GlobalSection(ProjectConfigurationPlatforms) = postSolution
		{155A9490-8E53-460B-9AA6-A97DE2148F28}.Debug|Any CPU.ActiveCfg = Debug|Any CPU
		{155A9490-8E53-460B-9AA6-A97DE2148F28}.Debug|Any CPU.Build.0 = Debug|Any CPU
		{155A9490-8E53-460B-9AA6-A97DE2148F28}.Release|Any CPU.ActiveCfg = Release|Any CPU
		{155A9490-8E53-460B-9AA6-A97DE2148F28}.Release|Any CPU.Build.0 = Release|Any CPU
	EndGlobalSection
	GlobalSection(SolutionProperties) = preSolution
		HideSolutionNode = FALSE
	EndGlobalSection
	GlobalSection(ExtensibilityGlobals) = postSolution
		SolutionGuid = {9C87ABD2-C86A-4E16-9FEC-F7F74E1BFD9D}
	EndGlobalSection
EndGlobal
